
Microsoft Visual Studio Solution File, Format Version 12.00
# Visual Studio Version 17
VisualStudioVersion = 17.0.32112.339
MinimumVisualStudioVersion = 10.0.40219.1
Project("{9A19103F-16F7-4668-BE54-9A1E7A4F7556}") = "LibTests", "LibTests\LibTests.csproj", "{C4EAC223-165D-4DD4-B1FF-99FB1CEF2D72}"
EndProject
Project("{9A19103F-16F7-4668-BE54-9A1E7A4F7556}") = "HRngBackend", "HRngBackend\HRngBackend.csproj", "{A3BF944C-FD91-452D-993F-72901A258CFC}"
EndProject
Project("{2150E333-8FDC-42A3-9474-1A3956D46DE8}") = "Solution Items", "Solution Items", "{C6203D11-B7B0-433D-802E-87DC4617A2D0}"
	ProjectSection(SolutionItems) = preProject
		.gitignore = .gitignore
		README.md = README.md
	EndProjectSection
EndProject
Project("{9A19103F-16F7-4668-BE54-9A1E7A4F7556}") = "FrontendRef", "FrontendRef\FrontendRef.csproj", "{648B164E-BE8C-4EB4-984D-85B09D0A4887}"
EndProject
Project("{FAE04EC0-301F-11D3-BF4B-00C04F79EFBC}") = "HRngSelenium", "HRngSelenium\HRngSelenium.csproj", "{84212EBF-6F96-40E2-BA18-F1F7E7C57845}"
EndProject
Global
	GlobalSection(SolutionConfigurationPlatforms) = preSolution
		Debug|Any CPU = Debug|Any CPU
		Release|Any CPU = Release|Any CPU
	EndGlobalSection
	GlobalSection(ProjectConfigurationPlatforms) = postSolution
		{C4EAC223-165D-4DD4-B1FF-99FB1CEF2D72}.Debug|Any CPU.ActiveCfg = Debug|Any CPU
		{C4EAC223-165D-4DD4-B1FF-99FB1CEF2D72}.Debug|Any CPU.Build.0 = Debug|Any CPU
		{C4EAC223-165D-4DD4-B1FF-99FB1CEF2D72}.Release|Any CPU.ActiveCfg = Release|Any CPU
		{C4EAC223-165D-4DD4-B1FF-99FB1CEF2D72}.Release|Any CPU.Build.0 = Release|Any CPU
		{A3BF944C-FD91-452D-993F-72901A258CFC}.Debug|Any CPU.ActiveCfg = Debug|Any CPU
		{A3BF944C-FD91-452D-993F-72901A258CFC}.Debug|Any CPU.Build.0 = Debug|Any CPU
		{A3BF944C-FD91-452D-993F-72901A258CFC}.Release|Any CPU.ActiveCfg = Release|Any CPU
		{A3BF944C-FD91-452D-993F-72901A258CFC}.Release|Any CPU.Build.0 = Release|Any CPU
		{648B164E-BE8C-4EB4-984D-85B09D0A4887}.Debug|Any CPU.ActiveCfg = Debug|Any CPU
		{648B164E-BE8C-4EB4-984D-85B09D0A4887}.Debug|Any CPU.Build.0 = Debug|Any CPU
		{648B164E-BE8C-4EB4-984D-85B09D0A4887}.Release|Any CPU.ActiveCfg = Release|Any CPU
		{648B164E-BE8C-4EB4-984D-85B09D0A4887}.Release|Any CPU.Build.0 = Release|Any CPU
		{84212EBF-6F96-40E2-BA18-F1F7E7C57845}.Debug|Any CPU.ActiveCfg = Debug|Any CPU
		{84212EBF-6F96-40E2-BA18-F1F7E7C57845}.Debug|Any CPU.Build.0 = Debug|Any CPU
		{84212EBF-6F96-40E2-BA18-F1F7E7C57845}.Release|Any CPU.ActiveCfg = Release|Any CPU
		{84212EBF-6F96-40E2-BA18-F1F7E7C57845}.Release|Any CPU.Build.0 = Release|Any CPU
	EndGlobalSection
	GlobalSection(SolutionProperties) = preSolution
		HideSolutionNode = FALSE
	EndGlobalSection
	GlobalSection(ExtensibilityGlobals) = postSolution
		SolutionGuid = {4CEB42A3-D00B-400C-BD69-71CA0873877A}
	EndGlobalSection
EndGlobal
